
Microsoft Visual Studio Solution File, Format Version 12.00
# Visual Studio Version 16
VisualStudioVersion = 16.0.34114.132
MinimumVisualStudioVersion = 10.0.40219.1
Project("{888888A0-9F3D-457C-B088-3A5042F75D52}") = "DopplerEffectSim", "DopplerEffectSim.pyproj", "{587EF4D5-F6A7-4E1E-89B1-1A8963BCFF24}"
EndProject
Global
	GlobalSection(SolutionConfigurationPlatforms) = preSolution
		Debug|Any CPU = Debug|Any CPU
		Release|Any CPU = Release|Any CPU
	EndGlobalSection
	GlobalSection(ProjectConfigurationPlatforms) = postSolution
		{587EF4D5-F6A7-4E1E-89B1-1A8963BCFF24}.Debug|Any CPU.ActiveCfg = Debug|Any CPU
		{587EF4D5-F6A7-4E1E-89B1-1A8963BCFF24}.Release|Any CPU.ActiveCfg = Release|Any CPU
	EndGlobalSection
	GlobalSection(SolutionProperties) = preSolution
		HideSolutionNode = FALSE
	EndGlobalSection
	GlobalSection(ExtensibilityGlobals) = postSolution
		SolutionGuid = {E134E08F-ECC2-4085-888C-00C3BCE2CE53}
	EndGlobalSection
EndGlobal
